// !$*UTF8*$!
{
	archiveVersion = 1;
	classes = {
	};
	objectVersion = 50;
	objects = {

/* Begin PBXBuildFile section */
		3852B33F26B8669E007ED927 /* AppDelegate.swift in Sources */ = {isa = PBXBuildFile; fileRef = 3852B33E26B8669E007ED927 /* AppDelegate.swift */; };
		3852B34126B8669E007ED927 /* SceneDelegate.swift in Sources */ = {isa = PBXBuildFile; fileRef = 3852B34026B8669E007ED927 /* SceneDelegate.swift */; };
		3852B34326B8669E007ED927 /* ViewController.swift in Sources */ = {isa = PBXBuildFile; fileRef = 3852B34226B8669E007ED927 /* ViewController.swift */; };
		3852B34626B8669E007ED927 /* Main.storyboard in Resources */ = {isa = PBXBuildFile; fileRef = 3852B34426B8669E007ED927 /* Main.storyboard */; };
		3852B34826B8669F007ED927 /* Assets.xcassets in Resources */ = {isa = PBXBuildFile; fileRef = 3852B34726B8669F007ED927 /* Assets.xcassets */; };
		3852B34B26B8669F007ED927 /* LaunchScreen.storyboard in Resources */ = {isa = PBXBuildFile; fileRef = 3852B34926B8669F007ED927 /* LaunchScreen.storyboard */; };
		3852B35626B8669F007ED927 /* GBShopTests.swift in Sources */ = {isa = PBXBuildFile; fileRef = 3852B35526B8669F007ED927 /* GBShopTests.swift */; };
		3852B36126B8669F007ED927 /* GBShopUITests.swift in Sources */ = {isa = PBXBuildFile; fileRef = 3852B36026B8669F007ED927 /* GBShopUITests.swift */; };
/* End PBXBuildFile section */

/* Begin PBXContainerItemProxy section */
		3852B35226B8669F007ED927 /* PBXContainerItemProxy */ = {
			isa = PBXContainerItemProxy;
			containerPortal = 3852B33326B8669E007ED927 /* Project object */;
			proxyType = 1;
			remoteGlobalIDString = 3852B33A26B8669E007ED927;
			remoteInfo = GBShop;
		};
		3852B35D26B8669F007ED927 /* PBXContainerItemProxy */ = {
			isa = PBXContainerItemProxy;
			containerPortal = 3852B33326B8669E007ED927 /* Project object */;
			proxyType = 1;
			remoteGlobalIDString = 3852B33A26B8669E007ED927;
			remoteInfo = GBShop;
		};
/* End PBXContainerItemProxy section */

/* Begin PBXFileReference section */
		3852B33B26B8669E007ED927 /* GBShop.app */ = {isa = PBXFileReference; explicitFileType = wrapper.application; includeInIndex = 0; path = GBShop.app; sourceTree = BUILT_PRODUCTS_DIR; };
		3852B33E26B8669E007ED927 /* AppDelegate.swift */ = {isa = PBXFileReference; lastKnownFileType = sourcecode.swift; path = AppDelegate.swift; sourceTree = "<group>"; };
		3852B34026B8669E007ED927 /* SceneDelegate.swift */ = {isa = PBXFileReference; lastKnownFileType = sourcecode.swift; path = SceneDelegate.swift; sourceTree = "<group>"; };
		3852B34226B8669E007ED927 /* ViewController.swift */ = {isa = PBXFileReference; lastKnownFileType = sourcecode.swift; path = ViewController.swift; sourceTree = "<group>"; };
		3852B34526B8669E007ED927 /* Base */ = {isa = PBXFileReference; lastKnownFileType = file.storyboard; name = Base; path = Base.lproj/Main.storyboard; sourceTree = "<group>"; };
		3852B34726B8669F007ED927 /* Assets.xcassets */ = {isa = PBXFileReference; lastKnownFileType = folder.assetcatalog; path = Assets.xcassets; sourceTree = "<group>"; };
		3852B34A26B8669F007ED927 /* Base */ = {isa = PBXFileReference; lastKnownFileType = file.storyboard; name = Base; path = Base.lproj/LaunchScreen.storyboard; sourceTree = "<group>"; };
		3852B34C26B8669F007ED927 /* Info.plist */ = {isa = PBXFileReference; lastKnownFileType = text.plist.xml; path = Info.plist; sourceTree = "<group>"; };
		3852B35126B8669F007ED927 /* GBShopTests.xctest */ = {isa = PBXFileReference; explicitFileType = wrapper.cfbundle; includeInIndex = 0; path = GBShopTests.xctest; sourceTree = BUILT_PRODUCTS_DIR; };
		3852B35526B8669F007ED927 /* GBShopTests.swift */ = {isa = PBXFileReference; lastKnownFileType = sourcecode.swift; path = GBShopTests.swift; sourceTree = "<group>"; };
		3852B35726B8669F007ED927 /* Info.plist */ = {isa = PBXFileReference; lastKnownFileType = text.plist.xml; path = Info.plist; sourceTree = "<group>"; };
		3852B35C26B8669F007ED927 /* GBShopUITests.xctest */ = {isa = PBXFileReference; explicitFileType = wrapper.cfbundle; includeInIndex = 0; path = GBShopUITests.xctest; sourceTree = BUILT_PRODUCTS_DIR; };
		3852B36026B8669F007ED927 /* GBShopUITests.swift */ = {isa = PBXFileReference; lastKnownFileType = sourcecode.swift; path = GBShopUITests.swift; sourceTree = "<group>"; };
		3852B36226B8669F007ED927 /* Info.plist */ = {isa = PBXFileReference; lastKnownFileType = text.plist.xml; path = Info.plist; sourceTree = "<group>"; };
/* End PBXFileReference section */

/* Begin PBXFrameworksBuildPhase section */
		3852B33826B8669E007ED927 /* Frameworks */ = {
			isa = PBXFrameworksBuildPhase;
			buildActionMask = 2147483647;
			files = (
			);
			runOnlyForDeploymentPostprocessing = 0;
		};
		3852B34E26B8669F007ED927 /* Frameworks */ = {
			isa = PBXFrameworksBuildPhase;
			buildActionMask = 2147483647;
			files = (
			);
			runOnlyForDeploymentPostprocessing = 0;
		};
		3852B35926B8669F007ED927 /* Frameworks */ = {
			isa = PBXFrameworksBuildPhase;
			buildActionMask = 2147483647;
			files = (
			);
			runOnlyForDeploymentPostprocessing = 0;
		};
/* End PBXFrameworksBuildPhase section */

/* Begin PBXGroup section */
		3852B33226B8669E007ED927 = {
			isa = PBXGroup;
			children = (
				3852B33D26B8669E007ED927 /* GBShop */,
				3852B35426B8669F007ED927 /* GBShopTests */,
				3852B35F26B8669F007ED927 /* GBShopUITests */,
				3852B33C26B8669E007ED927 /* Products */,
			);
			sourceTree = "<group>";
		};
		3852B33C26B8669E007ED927 /* Products */ = {
			isa = PBXGroup;
			children = (
				3852B33B26B8669E007ED927 /* GBShop.app */,
				3852B35126B8669F007ED927 /* GBShopTests.xctest */,
				3852B35C26B8669F007ED927 /* GBShopUITests.xctest */,
			);
			name = Products;
			sourceTree = "<group>";
		};
		3852B33D26B8669E007ED927 /* GBShop */ = {
			isa = PBXGroup;
			children = (
				3852B33E26B8669E007ED927 /* AppDelegate.swift */,
				3852B34026B8669E007ED927 /* SceneDelegate.swift */,
				3852B34226B8669E007ED927 /* ViewController.swift */,
				3852B34426B8669E007ED927 /* Main.storyboard */,
				3852B34726B8669F007ED927 /* Assets.xcassets */,
				3852B34926B8669F007ED927 /* LaunchScreen.storyboard */,
				3852B34C26B8669F007ED927 /* Info.plist */,
			);
			path = GBShop;
			sourceTree = "<group>";
		};
		3852B35426B8669F007ED927 /* GBShopTests */ = {
			isa = PBXGroup;
			children = (
				3852B35526B8669F007ED927 /* GBShopTests.swift */,
				3852B35726B8669F007ED927 /* Info.plist */,
			);
			path = GBShopTests;
			sourceTree = "<group>";
		};
		3852B35F26B8669F007ED927 /* GBShopUITests */ = {
			isa = PBXGroup;
			children = (
				3852B36026B8669F007ED927 /* GBShopUITests.swift */,
				3852B36226B8669F007ED927 /* Info.plist */,
			);
			path = GBShopUITests;
			sourceTree = "<group>";
		};
/* End PBXGroup section */

/* Begin PBXNativeTarget section */
		3852B33A26B8669E007ED927 /* GBShop */ = {
			isa = PBXNativeTarget;
			buildConfigurationList = 3852B36526B8669F007ED927 /* Build configuration list for PBXNativeTarget "GBShop" */;
			buildPhases = (
				3852B33726B8669E007ED927 /* Sources */,
				3852B33826B8669E007ED927 /* Frameworks */,
				3852B33926B8669E007ED927 /* Resources */,
			);
			buildRules = (
			);
			dependencies = (
			);
			name = GBShop;
			productName = GBShop;
			productReference = 3852B33B26B8669E007ED927 /* GBShop.app */;
			productType = "com.apple.product-type.application";
		};
		3852B35026B8669F007ED927 /* GBShopTests */ = {
			isa = PBXNativeTarget;
			buildConfigurationList = 3852B36826B8669F007ED927 /* Build configuration list for PBXNativeTarget "GBShopTests" */;
			buildPhases = (
				3852B34D26B8669F007ED927 /* Sources */,
				3852B34E26B8669F007ED927 /* Frameworks */,
				3852B34F26B8669F007ED927 /* Resources */,
			);
			buildRules = (
			);
			dependencies = (
				3852B35326B8669F007ED927 /* PBXTargetDependency */,
			);
			name = GBShopTests;
			productName = GBShopTests;
			productReference = 3852B35126B8669F007ED927 /* GBShopTests.xctest */;
			productType = "com.apple.product-type.bundle.unit-test";
		};
		3852B35B26B8669F007ED927 /* GBShopUITests */ = {
			isa = PBXNativeTarget;
			buildConfigurationList = 3852B36B26B8669F007ED927 /* Build configuration list for PBXNativeTarget "GBShopUITests" */;
			buildPhases = (
				3852B35826B8669F007ED927 /* Sources */,
				3852B35926B8669F007ED927 /* Frameworks */,
				3852B35A26B8669F007ED927 /* Resources */,
			);
			buildRules = (
			);
			dependencies = (
				3852B35E26B8669F007ED927 /* PBXTargetDependency */,
			);
			name = GBShopUITests;
			productName = GBShopUITests;
			productReference = 3852B35C26B8669F007ED927 /* GBShopUITests.xctest */;
			productType = "com.apple.product-type.bundle.ui-testing";
		};
/* End PBXNativeTarget section */

/* Begin PBXProject section */
		3852B33326B8669E007ED927 /* Project object */ = {
			isa = PBXProject;
			attributes = {
				LastSwiftUpdateCheck = 1250;
				LastUpgradeCheck = 1250;
				TargetAttributes = {
					3852B33A26B8669E007ED927 = {
						CreatedOnToolsVersion = 12.5.1;
					};
					3852B35026B8669F007ED927 = {
						CreatedOnToolsVersion = 12.5.1;
						TestTargetID = 3852B33A26B8669E007ED927;
					};
					3852B35B26B8669F007ED927 = {
						CreatedOnToolsVersion = 12.5.1;
						TestTargetID = 3852B33A26B8669E007ED927;
					};
				};
			};
			buildConfigurationList = 3852B33626B8669E007ED927 /* Build configuration list for PBXProject "GBShop" */;
			compatibilityVersion = "Xcode 9.3";
			developmentRegion = en;
			hasScannedForEncodings = 0;
			knownRegions = (
				en,
				Base,
			);
			mainGroup = 3852B33226B8669E007ED927;
			productRefGroup = 3852B33C26B8669E007ED927 /* Products */;
			projectDirPath = "";
			projectRoot = "";
			targets = (
				3852B33A26B8669E007ED927 /* GBShop */,
				3852B35026B8669F007ED927 /* GBShopTests */,
				3852B35B26B8669F007ED927 /* GBShopUITests */,
			);
		};
/* End PBXProject section */

/* Begin PBXResourcesBuildPhase section */
		3852B33926B8669E007ED927 /* Resources */ = {
			isa = PBXResourcesBuildPhase;
			buildActionMask = 2147483647;
			files = (
				3852B34B26B8669F007ED927 /* LaunchScreen.storyboard in Resources */,
				3852B34826B8669F007ED927 /* Assets.xcassets in Resources */,
				3852B34626B8669E007ED927 /* Main.storyboard in Resources */,
			);
			runOnlyForDeploymentPostprocessing = 0;
		};
		3852B34F26B8669F007ED927 /* Resources */ = {
			isa = PBXResourcesBuildPhase;
			buildActionMask = 2147483647;
			files = (
			);
			runOnlyForDeploymentPostprocessing = 0;
		};
		3852B35A26B8669F007ED927 /* Resources */ = {
			isa = PBXResourcesBuildPhase;
			buildActionMask = 2147483647;
			files = (
			);
			runOnlyForDeploymentPostprocessing = 0;
		};
/* End PBXResourcesBuildPhase section */

/* Begin PBXSourcesBuildPhase section */
		3852B33726B8669E007ED927 /* Sources */ = {
			isa = PBXSourcesBuildPhase;
			buildActionMask = 2147483647;
			files = (
				3852B34326B8669E007ED927 /* ViewController.swift in Sources */,
				3852B33F26B8669E007ED927 /* AppDelegate.swift in Sources */,
				3852B34126B8669E007ED927 /* SceneDelegate.swift in Sources */,
			);
			runOnlyForDeploymentPostprocessing = 0;
		};
		3852B34D26B8669F007ED927 /* Sources */ = {
			isa = PBXSourcesBuildPhase;
			buildActionMask = 2147483647;
			files = (
				3852B35626B8669F007ED927 /* GBShopTests.swift in Sources */,
			);
			runOnlyForDeploymentPostprocessing = 0;
		};
		3852B35826B8669F007ED927 /* Sources */ = {
			isa = PBXSourcesBuildPhase;
			buildActionMask = 2147483647;
			files = (
				3852B36126B8669F007ED927 /* GBShopUITests.swift in Sources */,
			);
			runOnlyForDeploymentPostprocessing = 0;
		};
/* End PBXSourcesBuildPhase section */

/* Begin PBXTargetDependency section */
		3852B35326B8669F007ED927 /* PBXTargetDependency */ = {
			isa = PBXTargetDependency;
			target = 3852B33A26B8669E007ED927 /* GBShop */;
			targetProxy = 3852B35226B8669F007ED927 /* PBXContainerItemProxy */;
		};
		3852B35E26B8669F007ED927 /* PBXTargetDependency */ = {
			isa = PBXTargetDependency;
			target = 3852B33A26B8669E007ED927 /* GBShop */;
			targetProxy = 3852B35D26B8669F007ED927 /* PBXContainerItemProxy */;
		};
/* End PBXTargetDependency section */

/* Begin PBXVariantGroup section */
		3852B34426B8669E007ED927 /* Main.storyboard */ = {
			isa = PBXVariantGroup;
			children = (
				3852B34526B8669E007ED927 /* Base */,
			);
			name = Main.storyboard;
			sourceTree = "<group>";
		};
		3852B34926B8669F007ED927 /* LaunchScreen.storyboard */ = {
			isa = PBXVariantGroup;
			children = (
				3852B34A26B8669F007ED927 /* Base */,
			);
			name = LaunchScreen.storyboard;
			sourceTree = "<group>";
		};
/* End PBXVariantGroup section */

/* Begin XCBuildConfiguration section */
		3852B36326B8669F007ED927 /* Debug */ = {
			isa = XCBuildConfiguration;
			buildSettings = {
				ALWAYS_SEARCH_USER_PATHS = NO;
				CLANG_ANALYZER_NONNULL = YES;
				CLANG_ANALYZER_NUMBER_OBJECT_CONVERSION = YES_AGGRESSIVE;
				CLANG_CXX_LANGUAGE_STANDARD = "gnu++14";
				CLANG_CXX_LIBRARY = "libc++";
				CLANG_ENABLE_MODULES = YES;
				CLANG_ENABLE_OBJC_ARC = YES;
				CLANG_ENABLE_OBJC_WEAK = YES;
				CLANG_WARN_BLOCK_CAPTURE_AUTORELEASING = YES;
				CLANG_WARN_BOOL_CONVERSION = YES;
				CLANG_WARN_COMMA = YES;
				CLANG_WARN_CONSTANT_CONVERSION = YES;
				CLANG_WARN_DEPRECATED_OBJC_IMPLEMENTATIONS = YES;
				CLANG_WARN_DIRECT_OBJC_ISA_USAGE = YES_ERROR;
				CLANG_WARN_DOCUMENTATION_COMMENTS = YES;
				CLANG_WARN_EMPTY_BODY = YES;
				CLANG_WARN_ENUM_CONVERSION = YES;
				CLANG_WARN_INFINITE_RECURSION = YES;
				CLANG_WARN_INT_CONVERSION = YES;
				CLANG_WARN_NON_LITERAL_NULL_CONVERSION = YES;
				CLANG_WARN_OBJC_IMPLICIT_RETAIN_SELF = YES;
				CLANG_WARN_OBJC_LITERAL_CONVERSION = YES;
				CLANG_WARN_OBJC_ROOT_CLASS = YES_ERROR;
				CLANG_WARN_QUOTED_INCLUDE_IN_FRAMEWORK_HEADER = YES;
				CLANG_WARN_RANGE_LOOP_ANALYSIS = YES;
				CLANG_WARN_STRICT_PROTOTYPES = YES;
				CLANG_WARN_SUSPICIOUS_MOVE = YES;
				CLANG_WARN_UNGUARDED_AVAILABILITY = YES_AGGRESSIVE;
				CLANG_WARN_UNREACHABLE_CODE = YES;
				CLANG_WARN__DUPLICATE_METHOD_MATCH = YES;
				COPY_PHASE_STRIP = NO;
				DEBUG_INFORMATION_FORMAT = dwarf;
				ENABLE_STRICT_OBJC_MSGSEND = YES;
				ENABLE_TESTABILITY = YES;
				GCC_C_LANGUAGE_STANDARD = gnu11;
				GCC_DYNAMIC_NO_PIC = NO;
				GCC_NO_COMMON_BLOCKS = YES;
				GCC_OPTIMIZATION_LEVEL = 0;
				GCC_PREPROCESSOR_DEFINITIONS = (
					"DEBUG=1",
					"$(inherited)",
				);
				GCC_WARN_64_TO_32_BIT_CONVERSION = YES;
				GCC_WARN_ABOUT_RETURN_TYPE = YES_ERROR;
				GCC_WARN_UNDECLARED_SELECTOR = YES;
				GCC_WARN_UNINITIALIZED_AUTOS = YES_AGGRESSIVE;
				GCC_WARN_UNUSED_FUNCTION = YES;
				GCC_WARN_UNUSED_VARIABLE = YES;
				IPHONEOS_DEPLOYMENT_TARGET = 14.5;
				MTL_ENABLE_DEBUG_INFO = INCLUDE_SOURCE;
				MTL_FAST_MATH = YES;
				ONLY_ACTIVE_ARCH = YES;
				SDKROOT = iphoneos;
				SWIFT_ACTIVE_COMPILATION_CONDITIONS = DEBUG;
				SWIFT_OPTIMIZATION_LEVEL = "-Onone";
			};
			name = Debug;
		};
		3852B36426B8669F007ED927 /* Release */ = {
			isa = XCBuildConfiguration;
			buildSettings = {
				ALWAYS_SEARCH_USER_PATHS = NO;
				CLANG_ANALYZER_NONNULL = YES;
				CLANG_ANALYZER_NUMBER_OBJECT_CONVERSION = YES_AGGRESSIVE;
				CLANG_CXX_LANGUAGE_STANDARD = "gnu++14";
				CLANG_CXX_LIBRARY = "libc++";
				CLANG_ENABLE_MODULES = YES;
				CLANG_ENABLE_OBJC_ARC = YES;
				CLANG_ENABLE_OBJC_WEAK = YES;
				CLANG_WARN_BLOCK_CAPTURE_AUTORELEASING = YES;
				CLANG_WARN_BOOL_CONVERSION = YES;
				CLANG_WARN_COMMA = YES;
				CLANG_WARN_CONSTANT_CONVERSION = YES;
				CLANG_WARN_DEPRECATED_OBJC_IMPLEMENTATIONS = YES;
				CLANG_WARN_DIRECT_OBJC_ISA_USAGE = YES_ERROR;
				CLANG_WARN_DOCUMENTATION_COMMENTS = YES;
				CLANG_WARN_EMPTY_BODY = YES;
				CLANG_WARN_ENUM_CONVERSION = YES;
				CLANG_WARN_INFINITE_RECURSION = YES;
				CLANG_WARN_INT_CONVERSION = YES;
				CLANG_WARN_NON_LITERAL_NULL_CONVERSION = YES;
				CLANG_WARN_OBJC_IMPLICIT_RETAIN_SELF = YES;
				CLANG_WARN_OBJC_LITERAL_CONVERSION = YES;
				CLANG_WARN_OBJC_ROOT_CLASS = YES_ERROR;
				CLANG_WARN_QUOTED_INCLUDE_IN_FRAMEWORK_HEADER = YES;
				CLANG_WARN_RANGE_LOOP_ANALYSIS = YES;
				CLANG_WARN_STRICT_PROTOTYPES = YES;
				CLANG_WARN_SUSPICIOUS_MOVE = YES;
				CLANG_WARN_UNGUARDED_AVAILABILITY = YES_AGGRESSIVE;
				CLANG_WARN_UNREACHABLE_CODE = YES;
				CLANG_WARN__DUPLICATE_METHOD_MATCH = YES;
				COPY_PHASE_STRIP = NO;
				DEBUG_INFORMATION_FORMAT = "dwarf-with-dsym";
				ENABLE_NS_ASSERTIONS = NO;
				ENABLE_STRICT_OBJC_MSGSEND = YES;
				GCC_C_LANGUAGE_STANDARD = gnu11;
				GCC_NO_COMMON_BLOCKS = YES;
				GCC_WARN_64_TO_32_BIT_CONVERSION = YES;
				GCC_WARN_ABOUT_RETURN_TYPE = YES_ERROR;
				GCC_WARN_UNDECLARED_SELECTOR = YES;
				GCC_WARN_UNINITIALIZED_AUTOS = YES_AGGRESSIVE;
				GCC_WARN_UNUSED_FUNCTION = YES;
				GCC_WARN_UNUSED_VARIABLE = YES;
				IPHONEOS_DEPLOYMENT_TARGET = 14.5;
				MTL_ENABLE_DEBUG_INFO = NO;
				MTL_FAST_MATH = YES;
				SDKROOT = iphoneos;
				SWIFT_COMPILATION_MODE = wholemodule;
				SWIFT_OPTIMIZATION_LEVEL = "-O";
				VALIDATE_PRODUCT = YES;
			};
			name = Release;
		};
		3852B36626B8669F007ED927 /* Debug */ = {
			isa = XCBuildConfiguration;
			buildSettings = {
				ASSETCATALOG_COMPILER_APPICON_NAME = AppIcon;
				ASSETCATALOG_COMPILER_GLOBAL_ACCENT_COLOR_NAME = AccentColor;
				CODE_SIGN_STYLE = Automatic;
				DEVELOPMENT_TEAM = 6LB7C5RKJ7;
				INFOPLIST_FILE = GBShop/Info.plist;
				LD_RUNPATH_SEARCH_PATHS = (
					"$(inherited)",
					"@executable_path/Frameworks",
				);
				PRODUCT_BUNDLE_IDENTIFIER = com.vozleev.GBShop;
				PRODUCT_NAME = "$(TARGET_NAME)";
				SWIFT_VERSION = 5.0;
				TARGETED_DEVICE_FAMILY = "1,2";
			};
			name = Debug;
		};
		3852B36726B8669F007ED927 /* Release */ = {
			isa = XCBuildConfiguration;
			buildSettings = {
				ASSETCATALOG_COMPILER_APPICON_NAME = AppIcon;
				ASSETCATALOG_COMPILER_GLOBAL_ACCENT_COLOR_NAME = AccentColor;
				CODE_SIGN_STYLE = Automatic;
				DEVELOPMENT_TEAM = 6LB7C5RKJ7;
				INFOPLIST_FILE = GBShop/Info.plist;
				LD_RUNPATH_SEARCH_PATHS = (
					"$(inherited)",
					"@executable_path/Frameworks",
				);
				PRODUCT_BUNDLE_IDENTIFIER = com.vozleev.GBShop;
				PRODUCT_NAME = "$(TARGET_NAME)";
				SWIFT_VERSION = 5.0;
				TARGETED_DEVICE_FAMILY = "1,2";
			};
			name = Release;
		};
		3852B36926B8669F007ED927 /* Debug */ = {
			isa = XCBuildConfiguration;
			buildSettings = {
				ALWAYS_EMBED_SWIFT_STANDARD_LIBRARIES = YES;
				BUNDLE_LOADER = "$(TEST_HOST)";
				CODE_SIGN_STYLE = Automatic;
				DEVELOPMENT_TEAM = 6LB7C5RKJ7;
				INFOPLIST_FILE = GBShopTests/Info.plist;
				IPHONEOS_DEPLOYMENT_TARGET = 14.5;
				LD_RUNPATH_SEARCH_PATHS = (
					"$(inherited)",
					"@executable_path/Frameworks",
					"@loader_path/Frameworks",
				);
				PRODUCT_BUNDLE_IDENTIFIER = com.vozleev.GBShopTests;
				PRODUCT_NAME = "$(TARGET_NAME)";
				SWIFT_VERSION = 5.0;
				TARGETED_DEVICE_FAMILY = "1,2";
				TEST_HOST = "$(BUILT_PRODUCTS_DIR)/GBShop.app/GBShop";
			};
			name = Debug;
		};
		3852B36A26B8669F007ED927 /* Release */ = {
			isa = XCBuildConfiguration;
			buildSettings = {
				ALWAYS_EMBED_SWIFT_STANDARD_LIBRARIES = YES;
				BUNDLE_LOADER = "$(TEST_HOST)";
				CODE_SIGN_STYLE = Automatic;
				DEVELOPMENT_TEAM = 6LB7C5RKJ7;
				INFOPLIST_FILE = GBShopTests/Info.plist;
				IPHONEOS_DEPLOYMENT_TARGET = 14.5;
				LD_RUNPATH_SEARCH_PATHS = (
					"$(inherited)",
					"@executable_path/Frameworks",
					"@loader_path/Frameworks",
				);
				PRODUCT_BUNDLE_IDENTIFIER = com.vozleev.GBShopTests;
				PRODUCT_NAME = "$(TARGET_NAME)";
				SWIFT_VERSION = 5.0;
				TARGETED_DEVICE_FAMILY = "1,2";
				TEST_HOST = "$(BUILT_PRODUCTS_DIR)/GBShop.app/GBShop";
			};
			name = Release;
		};
		3852B36C26B8669F007ED927 /* Debug */ = {
			isa = XCBuildConfiguration;
			buildSettings = {
				ALWAYS_EMBED_SWIFT_STANDARD_LIBRARIES = YES;
				CODE_SIGN_STYLE = Automatic;
				DEVELOPMENT_TEAM = 6LB7C5RKJ7;
				INFOPLIST_FILE = GBShopUITests/Info.plist;
				LD_RUNPATH_SEARCH_PATHS = (
					"$(inherited)",
					"@executable_path/Frameworks",
					"@loader_path/Frameworks",
				);
				PRODUCT_BUNDLE_IDENTIFIER = com.vozleev.GBShopUITests;
				PRODUCT_NAME = "$(TARGET_NAME)";
				SWIFT_VERSION = 5.0;
				TARGETED_DEVICE_FAMILY = "1,2";
				TEST_TARGET_NAME = GBShop;
			};
			name = Debug;
		};
		3852B36D26B8669F007ED927 /* Release */ = {
			isa = XCBuildConfiguration;
			buildSettings = {
				ALWAYS_EMBED_SWIFT_STANDARD_LIBRARIES = YES;
				CODE_SIGN_STYLE = Automatic;
				DEVELOPMENT_TEAM = 6LB7C5RKJ7;
				INFOPLIST_FILE = GBShopUITests/Info.plist;
				LD_RUNPATH_SEARCH_PATHS = (
					"$(inherited)",
					"@executable_path/Frameworks",
					"@loader_path/Frameworks",
				);
				PRODUCT_BUNDLE_IDENTIFIER = com.vozleev.GBShopUITests;
				PRODUCT_NAME = "$(TARGET_NAME)";
				SWIFT_VERSION = 5.0;
				TARGETED_DEVICE_FAMILY = "1,2";
				TEST_TARGET_NAME = GBShop;
			};
			name = Release;
		};
/* End XCBuildConfiguration section */

/* Begin XCConfigurationList section */
		3852B33626B8669E007ED927 /* Build configuration list for PBXProject "GBShop" */ = {
			isa = XCConfigurationList;
			buildConfigurations = (
				3852B36326B8669F007ED927 /* Debug */,
				3852B36426B8669F007ED927 /* Release */,
			);
			defaultConfigurationIsVisible = 0;
			defaultConfigurationName = Release;
		};
		3852B36526B8669F007ED927 /* Build configuration list for PBXNativeTarget "GBShop" */ = {
			isa = XCConfigurationList;
			buildConfigurations = (
				3852B36626B8669F007ED927 /* Debug */,
				3852B36726B8669F007ED927 /* Release */,
			);
			defaultConfigurationIsVisible = 0;
			defaultConfigurationName = Release;
		};
		3852B36826B8669F007ED927 /* Build configuration list for PBXNativeTarget "GBShopTests" */ = {
			isa = XCConfigurationList;
			buildConfigurations = (
				3852B36926B8669F007ED927 /* Debug */,
				3852B36A26B8669F007ED927 /* Release */,
			);
			defaultConfigurationIsVisible = 0;
			defaultConfigurationName = Release;
		};
		3852B36B26B8669F007ED927 /* Build configuration list for PBXNativeTarget "GBShopUITests" */ = {
			isa = XCConfigurationList;
			buildConfigurations = (
				3852B36C26B8669F007ED927 /* Debug */,
				3852B36D26B8669F007ED927 /* Release */,
			);
			defaultConfigurationIsVisible = 0;
			defaultConfigurationName = Release;
		};
/* End XCConfigurationList section */
	};
	rootObject = 3852B33326B8669E007ED927 /* Project object */;
}
